// !$*UTF8*$!
{
	archiveVersion = 1;
	classes = {
	};
	objectVersion = 56;
	objects = {

/* Begin PBXBuildFile section */
		100000000000000000000121 /* Assets.xcassets in Resources */ = {isa = PBXBuildFile; fileRef = 100000000000000000000221 /* Assets.xcassets */; };
		100000000000000000000118 /* Tokens.swift in Sources */ = {isa = PBXBuildFile; fileRef = 100000000000000000000218 /* Tokens.swift */; };
		100000000000000000000119 /* Components.swift in Sources */ = {isa = PBXBuildFile; fileRef = 100000000000000000000219 /* Components.swift */; };
		100000000000000000000101 /* MemoryAppApp.swift in Sources */ = {isa = PBXBuildFile; fileRef = 100000000000000000000201 /* MemoryAppApp.swift */; };
		100000000000000000000102 /* MemoryModels.swift in Sources */ = {isa = PBXBuildFile; fileRef = 100000000000000000000202 /* MemoryModels.swift */; };
		100000000000000000000103 /* APIClient.swift in Sources */ = {isa = PBXBuildFile; fileRef = 100000000000000000000203 /* APIClient.swift */; };
		100000000000000000000105 /* HomeView.swift in Sources */ = {isa = PBXBuildFile; fileRef = 100000000000000000000205 /* HomeView.swift */; };
		100000000000000000000106 /* SubjectPickerView.swift in Sources */ = {isa = PBXBuildFile; fileRef = 100000000000000000000206 /* SubjectPickerView.swift */; };
		100000000000000000000107 /* TagPickerView.swift in Sources */ = {isa = PBXBuildFile; fileRef = 100000000000000000000207 /* TagPickerView.swift */; };
		100000000000000000000108 /* ReviewSessionView.swift in Sources */ = {isa = PBXBuildFile; fileRef = 100000000000000000000208 /* ReviewSessionView.swift */; };
		100000000000000000000109 /* ReviewCardView.swift in Sources */ = {isa = PBXBuildFile; fileRef = 100000000000000000000209 /* ReviewCardView.swift */; };
		100000000000000000000110 /* MeView.swift in Sources */ = {isa = PBXBuildFile; fileRef = 100000000000000000000211 /* MeView.swift */; };
		100000000000000000000114 /* CardsHierarchyView.swift in Sources */ = {isa = PBXBuildFile; fileRef = 100000000000000000000215 /* CardsHierarchyView.swift */; };
		100000000000000000000115 /* AuthSessionStore.swift in Sources */ = {isa = PBXBuildFile; fileRef = 100000000000000000000216 /* AuthSessionStore.swift */; };
		100000000000000000000116 /* AuthView.swift in Sources */ = {isa = PBXBuildFile; fileRef = 100000000000000000000217 /* AuthView.swift */; };
/* End PBXBuildFile section */

/* Begin PBXFileReference section */
		100000000000000000000221 /* Assets.xcassets */ = {isa = PBXFileReference; lastKnownFileType = folder.assetcatalog; path = Assets.xcassets; sourceTree = "<group>"; };
		100000000000000000000218 /* Tokens.swift */ = {isa = PBXFileReference; lastKnownFileType = sourcecode.swift; path = Tokens.swift; sourceTree = "<group>"; };
		100000000000000000000219 /* Components.swift */ = {isa = PBXFileReference; lastKnownFileType = sourcecode.swift; path = Components.swift; sourceTree = "<group>"; };
		100000000000000000000200 /* MemoryApp.app */ = {isa = PBXFileReference; explicitFileType = wrapper.application; includeInIndex = 0; path = MemoryApp.app; sourceTree = BUILT_PRODUCTS_DIR; };
		100000000000000000000201 /* MemoryAppApp.swift */ = {isa = PBXFileReference; lastKnownFileType = sourcecode.swift; path = MemoryAppApp.swift; sourceTree = "<group>"; };
		100000000000000000000202 /* MemoryModels.swift */ = {isa = PBXFileReference; lastKnownFileType = sourcecode.swift; path = MemoryModels.swift; sourceTree = "<group>"; };
		100000000000000000000203 /* APIClient.swift */ = {isa = PBXFileReference; lastKnownFileType = sourcecode.swift; path = APIClient.swift; sourceTree = "<group>"; };
		100000000000000000000205 /* HomeView.swift */ = {isa = PBXFileReference; lastKnownFileType = sourcecode.swift; path = HomeView.swift; sourceTree = "<group>"; };
		100000000000000000000206 /* SubjectPickerView.swift */ = {isa = PBXFileReference; lastKnownFileType = sourcecode.swift; path = SubjectPickerView.swift; sourceTree = "<group>"; };
		100000000000000000000207 /* TagPickerView.swift */ = {isa = PBXFileReference; lastKnownFileType = sourcecode.swift; path = TagPickerView.swift; sourceTree = "<group>"; };
		100000000000000000000208 /* ReviewSessionView.swift */ = {isa = PBXFileReference; lastKnownFileType = sourcecode.swift; path = ReviewSessionView.swift; sourceTree = "<group>"; };
		100000000000000000000209 /* ReviewCardView.swift */ = {isa = PBXFileReference; lastKnownFileType = sourcecode.swift; path = ReviewCardView.swift; sourceTree = "<group>"; };
		100000000000000000000210 /* Info.plist */ = {isa = PBXFileReference; lastKnownFileType = text.plist.xml; path = Info.plist; sourceTree = "<group>"; };
		100000000000000000000211 /* MeView.swift */ = {isa = PBXFileReference; lastKnownFileType = sourcecode.swift; path = MeView.swift; sourceTree = "<group>"; };
		100000000000000000000215 /* CardsHierarchyView.swift */ = {isa = PBXFileReference; lastKnownFileType = sourcecode.swift; path = CardsHierarchyView.swift; sourceTree = "<group>"; };
		100000000000000000000216 /* AuthSessionStore.swift */ = {isa = PBXFileReference; lastKnownFileType = sourcecode.swift; path = AuthSessionStore.swift; sourceTree = "<group>"; };
		100000000000000000000217 /* AuthView.swift */ = {isa = PBXFileReference; lastKnownFileType = sourcecode.swift; path = AuthView.swift; sourceTree = "<group>"; };
/* End PBXFileReference section */

/* Begin PBXFrameworksBuildPhase section */
		100000000000000000000301 /* Frameworks */ = {
			isa = PBXFrameworksBuildPhase;
			buildActionMask = 2147483647;
			files = (
			);
			runOnlyForDeploymentPostprocessing = 0;
		};
/* End PBXFrameworksBuildPhase section */

/* Begin PBXGroup section */
		100000000000000000000401 = {
			isa = PBXGroup;
			children = (
				100000000000000000000402 /* MemoryApp */,
				100000000000000000000403 /* Products */,
			);
			sourceTree = "<group>";
		};
		100000000000000000000402 /* MemoryApp */ = {
			isa = PBXGroup;
			children = (
				100000000000000000000201 /* MemoryAppApp.swift */,
				100000000000000000000210 /* Info.plist */,
				100000000000000000000221 /* Assets.xcassets */,
				100000000000000000000408 /* DesignSystem */,
				100000000000000000000404 /* Models */,
				100000000000000000000405 /* Services */,
				100000000000000000000406 /* Views */,
			);
			path = MemoryApp;
			sourceTree = "<group>";
		};
		100000000000000000000403 /* Products */ = {
			isa = PBXGroup;
			children = (
				100000000000000000000200 /* MemoryApp.app */,
			);
			name = Products;
			sourceTree = "<group>";
		};
		100000000000000000000404 /* Models */ = {
			isa = PBXGroup;
			children = (
				100000000000000000000202 /* MemoryModels.swift */,
			);
			path = Models;
			sourceTree = "<group>";
		};
		100000000000000000000405 /* Services */ = {
			isa = PBXGroup;
			children = (
				100000000000000000000203 /* APIClient.swift */,
				100000000000000000000216 /* AuthSessionStore.swift */,
			);
			path = Services;
			sourceTree = "<group>";
		};
		100000000000000000000406 /* Views */ = {
			isa = PBXGroup;
			children = (
				100000000000000000000205 /* HomeView.swift */,
				100000000000000000000206 /* SubjectPickerView.swift */,
				100000000000000000000207 /* TagPickerView.swift */,
				100000000000000000000208 /* ReviewSessionView.swift */,
				100000000000000000000209 /* ReviewCardView.swift */,
				100000000000000000000211 /* MeView.swift */,
				100000000000000000000215 /* CardsHierarchyView.swift */,
				100000000000000000000217 /* AuthView.swift */,
			);
			path = Views;
			sourceTree = "<group>";
		};
		100000000000000000000408 /* DesignSystem */ = {
			isa = PBXGroup;
			children = (
				100000000000000000000218 /* Tokens.swift */,
				100000000000000000000219 /* Components.swift */,
			);
			path = DesignSystem;
			sourceTree = "<group>";
		};
/* End PBXGroup section */

/* Begin PBXNativeTarget section */
		100000000000000000000501 /* MemoryApp */ = {
			isa = PBXNativeTarget;
			buildConfigurationList = 100000000000000000000701 /* Build configuration list for PBXNativeTarget "MemoryApp" */;
			buildPhases = (
				100000000000000000000601 /* Sources */,
				100000000000000000000301 /* Frameworks */,
				100000000000000000000602 /* Resources */,
			);
			buildRules = (
			);
			dependencies = (
			);
			name = MemoryApp;
			productName = MemoryApp;
			productReference = 100000000000000000000200 /* MemoryApp.app */;
			productType = "com.apple.product-type.application";
		};
/* End PBXNativeTarget section */

/* Begin PBXProject section */
		100000000000000000000001 /* Project object */ = {
			isa = PBXProject;
			attributes = {
				BuildIndependentTargetsInParallel = 1;
				LastSwiftUpdateCheck = 1640;
				LastUpgradeCheck = 1640;
				TargetAttributes = {
					100000000000000000000501 = {
						CreatedOnToolsVersion = 16.4;
					};
				};
			};
			buildConfigurationList = 100000000000000000000700 /* Build configuration list for PBXProject "MemoryApp" */;
			compatibilityVersion = "Xcode 14.0";
			developmentRegion = en;
			hasScannedForEncodings = 0;
			knownRegions = (
				en,
				Base,
			);
			mainGroup = 100000000000000000000401;
			productRefGroup = 100000000000000000000403 /* Products */;
			projectDirPath = "";
			projectRoot = "";
			targets = (
				100000000000000000000501 /* MemoryApp */,
			);
		};
/* End PBXProject section */

/* Begin PBXResourcesBuildPhase section */
		100000000000000000000602 /* Resources */ = {
			isa = PBXResourcesBuildPhase;
			buildActionMask = 2147483647;
			files = (
				100000000000000000000121 /* Assets.xcassets in Resources */,
			);
			runOnlyForDeploymentPostprocessing = 0;
		};
/* End PBXResourcesBuildPhase section */

/* Begin PBXSourcesBuildPhase section */
		100000000000000000000601 /* Sources */ = {
			isa = PBXSourcesBuildPhase;
			buildActionMask = 2147483647;
			files = (
				100000000000000000000118 /* Tokens.swift in Sources */,
				100000000000000000000119 /* Components.swift in Sources */,
				100000000000000000000101 /* MemoryAppApp.swift in Sources */,
				100000000000000000000102 /* MemoryModels.swift in Sources */,
				100000000000000000000103 /* APIClient.swift in Sources */,
				100000000000000000000105 /* HomeView.swift in Sources */,
				100000000000000000000106 /* SubjectPickerView.swift in Sources */,
				100000000000000000000107 /* TagPickerView.swift in Sources */,
				100000000000000000000108 /* ReviewSessionView.swift in Sources */,
				100000000000000000000109 /* ReviewCardView.swift in Sources */,
				100000000000000000000110 /* MeView.swift in Sources */,
				100000000000000000000114 /* CardsHierarchyView.swift in Sources */,
				100000000000000000000115 /* AuthSessionStore.swift in Sources */,
				100000000000000000000116 /* AuthView.swift in Sources */,
			);
			runOnlyForDeploymentPostprocessing = 0;
		};
/* End PBXSourcesBuildPhase section */

/* Begin XCBuildConfiguration section */
		100000000000000000000801 /* Debug */ = {
			isa = XCBuildConfiguration;
			buildSettings = {
				ALWAYS_SEARCH_USER_PATHS = NO;
				CLANG_ENABLE_MODULES = YES;
				CLANG_ENABLE_OBJC_ARC = YES;
				CLANG_WARN_BOOL_CONVERSION = YES;
				CLANG_WARN_CONSTANT_CONVERSION = YES;
				CLANG_WARN_DIRECT_OBJC_ISA_USAGE = YES_ERROR;
				CLANG_WARN_DOCUMENTATION_COMMENTS = YES;
				CLANG_WARN_EMPTY_BODY = YES;
				CLANG_WARN_ENUM_CONVERSION = YES;
				CLANG_WARN_INFINITE_RECURSION = YES;
				CLANG_WARN_INT_CONVERSION = YES;
				CLANG_WARN_NON_LITERAL_NULL_CONVERSION = YES;
				CLANG_WARN_OBJC_IMPLICIT_RETAIN_SELF = YES;
				CLANG_WARN_OBJC_LITERAL_CONVERSION = YES;
				CLANG_WARN_RANGE_LOOP_ANALYSIS = YES;
				CLANG_WARN_STRICT_PROTOTYPES = YES;
				CLANG_WARN_SUSPICIOUS_MOVE = YES;
				COPY_PHASE_STRIP = NO;
				DEBUG_INFORMATION_FORMAT = dwarf;
				ENABLE_STRICT_OBJC_MSGSEND = YES;
				ENABLE_TESTABILITY = YES;
				GCC_C_LANGUAGE_STANDARD = gnu17;
				GCC_DYNAMIC_NO_PIC = NO;
				GCC_NO_COMMON_BLOCKS = YES;
				GCC_OPTIMIZATION_LEVEL = 0;
				GCC_PREPROCESSOR_DEFINITIONS = (
					"DEBUG=1",
					"$(inherited)",
				);
				IPHONEOS_DEPLOYMENT_TARGET = 17.0;
				MTL_ENABLE_DEBUG_INFO = INCLUDE_SOURCE;
				MTL_FAST_MATH = YES;
				ONLY_ACTIVE_ARCH = YES;
				SDKROOT = iphoneos;
				SUPPORTED_PLATFORMS = "iphoneos iphonesimulator";
				SWIFT_ACTIVE_COMPILATION_CONDITIONS = DEBUG;
				SWIFT_OPTIMIZATION_LEVEL = "-Onone";
			};
			name = Debug;
		};
		100000000000000000000802 /* Release */ = {
			isa = XCBuildConfiguration;
			buildSettings = {
				ALWAYS_SEARCH_USER_PATHS = NO;
				CLANG_ENABLE_MODULES = YES;
				CLANG_ENABLE_OBJC_ARC = YES;
				CLANG_WARN_BOOL_CONVERSION = YES;
				CLANG_WARN_CONSTANT_CONVERSION = YES;
				CLANG_WARN_DIRECT_OBJC_ISA_USAGE = YES_ERROR;
				CLANG_WARN_DOCUMENTATION_COMMENTS = YES;
				CLANG_WARN_EMPTY_BODY = YES;
				CLANG_WARN_ENUM_CONVERSION = YES;
				CLANG_WARN_INFINITE_RECURSION = YES;
				CLANG_WARN_INT_CONVERSION = YES;
				CLANG_WARN_NON_LITERAL_NULL_CONVERSION = YES;
				CLANG_WARN_OBJC_IMPLICIT_RETAIN_SELF = YES;
				CLANG_WARN_OBJC_LITERAL_CONVERSION = YES;
				CLANG_WARN_RANGE_LOOP_ANALYSIS = YES;
				CLANG_WARN_STRICT_PROTOTYPES = YES;
				CLANG_WARN_SUSPICIOUS_MOVE = YES;
				COPY_PHASE_STRIP = NO;
				DEBUG_INFORMATION_FORMAT = "dwarf-with-dsym";
				ENABLE_NS_ASSERTIONS = NO;
				ENABLE_STRICT_OBJC_MSGSEND = YES;
				GCC_C_LANGUAGE_STANDARD = gnu17;
				GCC_NO_COMMON_BLOCKS = YES;
				IPHONEOS_DEPLOYMENT_TARGET = 17.0;
				MTL_ENABLE_DEBUG_INFO = NO;
				MTL_FAST_MATH = YES;
				SDKROOT = iphoneos;
				SUPPORTED_PLATFORMS = "iphoneos iphonesimulator";
				SWIFT_COMPILATION_MODE = wholemodule;
				VALIDATE_PRODUCT = YES;
			};
			name = Release;
		};
		100000000000000000000803 /* Debug */ = {
			isa = XCBuildConfiguration;
			buildSettings = {
				ASSETCATALOG_COMPILER_APPICON_NAME = AppIcon;
				CODE_SIGN_STYLE = Automatic;
				CURRENT_PROJECT_VERSION = 1;
				DEVELOPMENT_ASSET_PATHS = "";
				DEVELOPMENT_TEAM = H63VU5STHA;
				GENERATE_INFOPLIST_FILE = NO;
				INFOPLIST_FILE = MemoryApp/Info.plist;
				IPHONEOS_DEPLOYMENT_TARGET = 17.0;
				LD_RUNPATH_SEARCH_PATHS = (
					"$(inherited)",
					"@executable_path/Frameworks",
				);
				MARKETING_VERSION = 1.0;
				PRODUCT_BUNDLE_IDENTIFIER = com.siyuancheng.MemoryApp;
				PRODUCT_NAME = "$(TARGET_NAME)";
				SUPPORTED_PLATFORMS = "iphoneos iphonesimulator";
				SWIFT_EMIT_LOC_STRINGS = YES;
				SWIFT_VERSION = 5.0;
				TARGETED_DEVICE_FAMILY = "1,2";
			};
			name = Debug;
		};
		100000000000000000000804 /* Release */ = {
			isa = XCBuildConfiguration;
			buildSettings = {
				ASSETCATALOG_COMPILER_APPICON_NAME = AppIcon;
				CODE_SIGN_STYLE = Automatic;
				CURRENT_PROJECT_VERSION = 1;
				DEVELOPMENT_ASSET_PATHS = "";
				DEVELOPMENT_TEAM = H63VU5STHA;
				GENERATE_INFOPLIST_FILE = NO;
				INFOPLIST_FILE = MemoryApp/Info.plist;
				IPHONEOS_DEPLOYMENT_TARGET = 17.0;
				LD_RUNPATH_SEARCH_PATHS = (
					"$(inherited)",
					"@executable_path/Frameworks",
				);
				MARKETING_VERSION = 1.0;
				PRODUCT_BUNDLE_IDENTIFIER = com.siyuancheng.MemoryApp;
				PRODUCT_NAME = "$(TARGET_NAME)";
				SUPPORTED_PLATFORMS = "iphoneos iphonesimulator";
				SWIFT_EMIT_LOC_STRINGS = YES;
				SWIFT_VERSION = 5.0;
				TARGETED_DEVICE_FAMILY = "1,2";
			};
			name = Release;
		};
/* End XCBuildConfiguration section */

/* Begin XCConfigurationList section */
		100000000000000000000700 /* Build configuration list for PBXProject "MemoryApp" */ = {
			isa = XCConfigurationList;
			buildConfigurations = (
				100000000000000000000801 /* Debug */,
				100000000000000000000802 /* Release */,
			);
			defaultConfigurationIsVisible = 0;
			defaultConfigurationName = Release;
		};
		100000000000000000000701 /* Build configuration list for PBXNativeTarget "MemoryApp" */ = {
			isa = XCConfigurationList;
			buildConfigurations = (
				100000000000000000000803 /* Debug */,
				100000000000000000000804 /* Release */,
			);
			defaultConfigurationIsVisible = 0;
			defaultConfigurationName = Release;
		};
/* End XCConfigurationList section */
	};
	rootObject = 100000000000000000000001 /* Project object */;
}
